{
  "nodes": {
    "nixpkgs": {
      "locked": {
        "lastModified": 1770689213,
        "narHash": "sha256-N6JiSpfi0s8NjUTnjwo3c+YAmvYhCDzjCKCrTUC97xM=",
        "owner": "NixOS",
        "repo": "nixpkgs",
        "rev": "49d75834011c94a120a9cb874ac1c4d8b7bfc767",
        "type": "github"
      },
      "original": {
        "owner": "NixOS",
        "ref": "nixpkgs-unstable",
        "repo": "nixpkgs",
        "type": "github"
      }
    },
    "root": {
      "inputs": {
        "nixpkgs": "nixpkgs"
      }
    }
  },
  "root": "root",
  "version": 7
}
